// !$*UTF8*$!
{
	archiveVersion = 1;
	classes = {
	};
	objectVersion = 50;
	objects = {

/* Begin PBXBuildFile section */
		605D139921BD88F9003907E8 /* Model.swift in Sources */ = {isa = PBXBuildFile; fileRef = 605D139821BD88F9003907E8 /* Model.swift */; };
		605D139B21BD8E66003907E8 /* TableViewController.swift in Sources */ = {isa = PBXBuildFile; fileRef = 605D139A21BD8E66003907E8 /* TableViewController.swift */; };
		60CD10C121BDD1B300EEB0BF /* Default-568h@2x.png in Resources */ = {isa = PBXBuildFile; fileRef = 60CD10C021BDD1B300EEB0BF /* Default-568h@2x.png */; };
		60E8DC8D21BB1C7B00C5C228 /* AppDelegate.swift in Sources */ = {isa = PBXBuildFile; fileRef = 60E8DC8C21BB1C7B00C5C228 /* AppDelegate.swift */; };
		60E8DC9221BB1C7B00C5C228 /* Main.storyboard in Resources */ = {isa = PBXBuildFile; fileRef = 60E8DC9021BB1C7B00C5C228 /* Main.storyboard */; };
		60E8DC9521BB1C7B00C5C228 /* RandomGeneratorApp.xcdatamodeld in Sources */ = {isa = PBXBuildFile; fileRef = 60E8DC9321BB1C7B00C5C228 /* RandomGeneratorApp.xcdatamodeld */; };
		60E8DC9721BB1C8000C5C228 /* Assets.xcassets in Resources */ = {isa = PBXBuildFile; fileRef = 60E8DC9621BB1C8000C5C228 /* Assets.xcassets */; };
		60E8DC9A21BB1C8000C5C228 /* LaunchScreen.storyboard in Resources */ = {isa = PBXBuildFile; fileRef = 60E8DC9821BB1C8000C5C228 /* LaunchScreen.storyboard */; };
/* End PBXBuildFile section */

/* Begin PBXFileReference section */
		605D139821BD88F9003907E8 /* Model.swift */ = {isa = PBXFileReference; lastKnownFileType = sourcecode.swift; path = Model.swift; sourceTree = "<group>"; };
		605D139A21BD8E66003907E8 /* TableViewController.swift */ = {isa = PBXFileReference; lastKnownFileType = sourcecode.swift; path = TableViewController.swift; sourceTree = "<group>"; };
		60CD10C021BDD1B300EEB0BF /* Default-568h@2x.png */ = {isa = PBXFileReference; lastKnownFileType = image.png; path = "Default-568h@2x.png"; sourceTree = "<group>"; };
		60E8DC8921BB1C7B00C5C228 /* RandomGeneratorApp.app */ = {isa = PBXFileReference; explicitFileType = wrapper.application; includeInIndex = 0; path = RandomGeneratorApp.app; sourceTree = BUILT_PRODUCTS_DIR; };
		60E8DC8C21BB1C7B00C5C228 /* AppDelegate.swift */ = {isa = PBXFileReference; lastKnownFileType = sourcecode.swift; path = AppDelegate.swift; sourceTree = "<group>"; };
		60E8DC9121BB1C7B00C5C228 /* Base */ = {isa = PBXFileReference; lastKnownFileType = file.storyboard; name = Base; path = Base.lproj/Main.storyboard; sourceTree = "<group>"; };
		60E8DC9421BB1C7B00C5C228 /* CoreDataApp.xcdatamodel */ = {isa = PBXFileReference; lastKnownFileType = wrapper.xcdatamodel; path = CoreDataApp.xcdatamodel; sourceTree = "<group>"; };
		60E8DC9621BB1C8000C5C228 /* Assets.xcassets */ = {isa = PBXFileReference; lastKnownFileType = folder.assetcatalog; path = Assets.xcassets; sourceTree = "<group>"; };
		60E8DC9921BB1C8000C5C228 /* Base */ = {isa = PBXFileReference; lastKnownFileType = file.storyboard; name = Base; path = Base.lproj/LaunchScreen.storyboard; sourceTree = "<group>"; };
		60E8DC9B21BB1C8000C5C228 /* Info.plist */ = {isa = PBXFileReference; lastKnownFileType = text.plist.xml; path = Info.plist; sourceTree = "<group>"; };
/* End PBXFileReference section */

/* Begin PBXFrameworksBuildPhase section */
		60E8DC8621BB1C7B00C5C228 /* Frameworks */ = {
			isa = PBXFrameworksBuildPhase;
			buildActionMask = 2147483647;
			files = (
			);
			runOnlyForDeploymentPostprocessing = 0;
		};
/* End PBXFrameworksBuildPhase section */

/* Begin PBXGroup section */
		605D139721BD88E4003907E8 /* Model */ = {
			isa = PBXGroup;
			children = (
				605D139821BD88F9003907E8 /* Model.swift */,
			);
			path = Model;
			sourceTree = "<group>";
		};
		60E8DC8021BB1C7B00C5C228 = {
			isa = PBXGroup;
			children = (
				60E8DC8B21BB1C7B00C5C228 /* RandomGeneratorApp */,
				60E8DC8A21BB1C7B00C5C228 /* Products */,
			);
			sourceTree = "<group>";
		};
		60E8DC8A21BB1C7B00C5C228 /* Products */ = {
			isa = PBXGroup;
			children = (
				60E8DC8921BB1C7B00C5C228 /* RandomGeneratorApp.app */,
			);
			name = Products;
			sourceTree = "<group>";
		};
		60E8DC8B21BB1C7B00C5C228 /* RandomGeneratorApp */ = {
			isa = PBXGroup;
			children = (
				605D139721BD88E4003907E8 /* Model */,
				60E8DCA321BB1D0800C5C228 /* Support Files */,
				60E8DCA221BB1CED00C5C228 /* Application */,
				60E8DCA121BB1CCE00C5C228 /* Presentation */,
			);
			path = RandomGeneratorApp;
			sourceTree = "<group>";
		};
		60E8DCA121BB1CCE00C5C228 /* Presentation */ = {
			isa = PBXGroup;
			children = (
				60E8DC9021BB1C7B00C5C228 /* Main.storyboard */,
				605D139A21BD8E66003907E8 /* TableViewController.swift */,
			);
			path = Presentation;
			sourceTree = "<group>";
		};
		60E8DCA221BB1CED00C5C228 /* Application */ = {
			isa = PBXGroup;
			children = (
				60E8DC8C21BB1C7B00C5C228 /* AppDelegate.swift */,
				60E8DC9821BB1C8000C5C228 /* LaunchScreen.storyboard */,
			);
			path = Application;
			sourceTree = "<group>";
		};
		60E8DCA321BB1D0800C5C228 /* Support Files */ = {
			isa = PBXGroup;
			children = (
				60E8DC9621BB1C8000C5C228 /* Assets.xcassets */,
				60CD10C021BDD1B300EEB0BF /* Default-568h@2x.png */,
				60E8DC9B21BB1C8000C5C228 /* Info.plist */,
				60E8DC9321BB1C7B00C5C228 /* RandomGeneratorApp.xcdatamodeld */,
			);
			path = "Support Files";
			sourceTree = "<group>";
		};
/* End PBXGroup section */

/* Begin PBXNativeTarget section */
		60E8DC8821BB1C7B00C5C228 /* RandomGeneratorApp */ = {
			isa = PBXNativeTarget;
			buildConfigurationList = 60E8DC9E21BB1C8000C5C228 /* Build configuration list for PBXNativeTarget "RandomGeneratorApp" */;
			buildPhases = (
				60E8DC8521BB1C7B00C5C228 /* Sources */,
				60E8DC8621BB1C7B00C5C228 /* Frameworks */,
				60E8DC8721BB1C7B00C5C228 /* Resources */,
			);
			buildRules = (
			);
			dependencies = (
			);
			name = RandomGeneratorApp;
			productName = CoreDataApp;
			productReference = 60E8DC8921BB1C7B00C5C228 /* RandomGeneratorApp.app */;
			productType = "com.apple.product-type.application";
		};
/* End PBXNativeTarget section */

/* Begin PBXProject section */
		60E8DC8121BB1C7B00C5C228 /* Project object */ = {
			isa = PBXProject;
			attributes = {
				LastSwiftUpdateCheck = 1010;
				LastUpgradeCheck = 1010;
				ORGANIZATIONNAME = "Kostya Kalivod";
				TargetAttributes = {
					60E8DC8821BB1C7B00C5C228 = {
						CreatedOnToolsVersion = 10.1;
					};
				};
			};
			buildConfigurationList = 60E8DC8421BB1C7B00C5C228 /* Build configuration list for PBXProject "RandomGeneratorApp" */;
			compatibilityVersion = "Xcode 9.3";
			developmentRegion = en;
			hasScannedForEncodings = 0;
			knownRegions = (
				en,
				Base,
			);
			mainGroup = 60E8DC8021BB1C7B00C5C228;
			productRefGroup = 60E8DC8A21BB1C7B00C5C228 /* Products */;
			projectDirPath = "";
			projectRoot = "";
			targets = (
				60E8DC8821BB1C7B00C5C228 /* RandomGeneratorApp */,
			);
		};
/* End PBXProject section */

/* Begin PBXResourcesBuildPhase section */
		60E8DC8721BB1C7B00C5C228 /* Resources */ = {
			isa = PBXResourcesBuildPhase;
			buildActionMask = 2147483647;
			files = (
				60E8DC9A21BB1C8000C5C228 /* LaunchScreen.storyboard in Resources */,
				60CD10C121BDD1B300EEB0BF /* Default-568h@2x.png in Resources */,
				60E8DC9721BB1C8000C5C228 /* Assets.xcassets in Resources */,
				60E8DC9221BB1C7B00C5C228 /* Main.storyboard in Resources */,
			);
			runOnlyForDeploymentPostprocessing = 0;
		};
/* End PBXResourcesBuildPhase section */

/* Begin PBXSourcesBuildPhase section */
		60E8DC8521BB1C7B00C5C228 /* Sources */ = {
			isa = PBXSourcesBuildPhase;
			buildActionMask = 2147483647;
			files = (
				60E8DC9521BB1C7B00C5C228 /* RandomGeneratorApp.xcdatamodeld in Sources */,
				60E8DC8D21BB1C7B00C5C228 /* AppDelegate.swift in Sources */,
				605D139B21BD8E66003907E8 /* TableViewController.swift in Sources */,
				605D139921BD88F9003907E8 /* Model.swift in Sources */,
			);
			runOnlyForDeploymentPostprocessing = 0;
		};
/* End PBXSourcesBuildPhase section */

/* Begin PBXVariantGroup section */
		60E8DC9021BB1C7B00C5C228 /* Main.storyboard */ = {
			isa = PBXVariantGroup;
			children = (
				60E8DC9121BB1C7B00C5C228 /* Base */,
			);
			name = Main.storyboard;
			sourceTree = "<group>";
		};
		60E8DC9821BB1C8000C5C228 /* LaunchScreen.storyboard */ = {
			isa = PBXVariantGroup;
			children = (
				60E8DC9921BB1C8000C5C228 /* Base */,
			);
			name = LaunchScreen.storyboard;
			sourceTree = "<group>";
		};
/* End PBXVariantGroup section */

/* Begin XCBuildConfiguration section */
		60E8DC9C21BB1C8000C5C228 /* Debug */ = {
			isa = XCBuildConfiguration;
			buildSettings = {
				ALWAYS_SEARCH_USER_PATHS = NO;
				CLANG_ANALYZER_NONNULL = YES;
				CLANG_ANALYZER_NUMBER_OBJECT_CONVERSION = YES_AGGRESSIVE;
				CLANG_CXX_LANGUAGE_STANDARD = "gnu++14";
				CLANG_CXX_LIBRARY = "libc++";
				CLANG_ENABLE_MODULES = YES;
				CLANG_ENABLE_OBJC_ARC = YES;
				CLANG_ENABLE_OBJC_WEAK = YES;
				CLANG_WARN_BLOCK_CAPTURE_AUTORELEASING = YES;
				CLANG_WARN_BOOL_CONVERSION = YES;
				CLANG_WARN_COMMA = YES;
				CLANG_WARN_CONSTANT_CONVERSION = YES;
				CLANG_WARN_DEPRECATED_OBJC_IMPLEMENTATIONS = YES;
				CLANG_WARN_DIRECT_OBJC_ISA_USAGE = YES_ERROR;
				CLANG_WARN_DOCUMENTATION_COMMENTS = YES;
				CLANG_WARN_EMPTY_BODY = YES;
				CLANG_WARN_ENUM_CONVERSION = YES;
				CLANG_WARN_INFINITE_RECURSION = YES;
				CLANG_WARN_INT_CONVERSION = YES;
				CLANG_WARN_NON_LITERAL_NULL_CONVERSION = YES;
				CLANG_WARN_OBJC_IMPLICIT_RETAIN_SELF = YES;
				CLANG_WARN_OBJC_LITERAL_CONVERSION = YES;
				CLANG_WARN_OBJC_ROOT_CLASS = YES_ERROR;
				CLANG_WARN_RANGE_LOOP_ANALYSIS = YES;
				CLANG_WARN_STRICT_PROTOTYPES = YES;
				CLANG_WARN_SUSPICIOUS_MOVE = YES;
				CLANG_WARN_UNGUARDED_AVAILABILITY = YES_AGGRESSIVE;
				CLANG_WARN_UNREACHABLE_CODE = YES;
				CLANG_WARN__DUPLICATE_METHOD_MATCH = YES;
				CODE_SIGN_IDENTITY = "iPhone Developer";
				COPY_PHASE_STRIP = NO;
				DEBUG_INFORMATION_FORMAT = dwarf;
				ENABLE_STRICT_OBJC_MSGSEND = YES;
				ENABLE_TESTABILITY = YES;
				GCC_C_LANGUAGE_STANDARD = gnu11;
				GCC_DYNAMIC_NO_PIC = NO;
				GCC_NO_COMMON_BLOCKS = YES;
				GCC_OPTIMIZATION_LEVEL = 0;
				GCC_PREPROCESSOR_DEFINITIONS = (
					"DEBUG=1",
					"$(inherited)",
				);
				GCC_WARN_64_TO_32_BIT_CONVERSION = YES;
				GCC_WARN_ABOUT_RETURN_TYPE = YES_ERROR;
				GCC_WARN_UNDECLARED_SELECTOR = YES;
				GCC_WARN_UNINITIALIZED_AUTOS = YES_AGGRESSIVE;
				GCC_WARN_UNUSED_FUNCTION = YES;
				GCC_WARN_UNUSED_VARIABLE = YES;
				IPHONEOS_DEPLOYMENT_TARGET = 12.1;
				MTL_ENABLE_DEBUG_INFO = INCLUDE_SOURCE;
				MTL_FAST_MATH = YES;
				ONLY_ACTIVE_ARCH = YES;
				SDKROOT = iphoneos;
				SWIFT_ACTIVE_COMPILATION_CONDITIONS = DEBUG;
				SWIFT_OPTIMIZATION_LEVEL = "-Onone";
			};
			name = Debug;
		};
		60E8DC9D21BB1C8000C5C228 /* Release */ = {
			isa = XCBuildConfiguration;
			buildSettings = {
				ALWAYS_SEARCH_USER_PATHS = NO;
				CLANG_ANALYZER_NONNULL = YES;
				CLANG_ANALYZER_NUMBER_OBJECT_CONVERSION = YES_AGGRESSIVE;
				CLANG_CXX_LANGUAGE_STANDARD = "gnu++14";
				CLANG_CXX_LIBRARY = "libc++";
				CLANG_ENABLE_MODULES = YES;
				CLANG_ENABLE_OBJC_ARC = YES;
				CLANG_ENABLE_OBJC_WEAK = YES;
				CLANG_WARN_BLOCK_CAPTURE_AUTORELEASING = YES;
				CLANG_WARN_BOOL_CONVERSION = YES;
				CLANG_WARN_COMMA = YES;
				CLANG_WARN_CONSTANT_CONVERSION = YES;
				CLANG_WARN_DEPRECATED_OBJC_IMPLEMENTATIONS = YES;
				CLANG_WARN_DIRECT_OBJC_ISA_USAGE = YES_ERROR;
				CLANG_WARN_DOCUMENTATION_COMMENTS = YES;
				CLANG_WARN_EMPTY_BODY = YES;
				CLANG_WARN_ENUM_CONVERSION = YES;
				CLANG_WARN_INFINITE_RECURSION = YES;
				CLANG_WARN_INT_CONVERSION = YES;
				CLANG_WARN_NON_LITERAL_NULL_CONVERSION = YES;
				CLANG_WARN_OBJC_IMPLICIT_RETAIN_SELF = YES;
				CLANG_WARN_OBJC_LITERAL_CONVERSION = YES;
				CLANG_WARN_OBJC_ROOT_CLASS = YES_ERROR;
				CLANG_WARN_RANGE_LOOP_ANALYSIS = YES;
				CLANG_WARN_STRICT_PROTOTYPES = YES;
				CLANG_WARN_SUSPICIOUS_MOVE = YES;
				CLANG_WARN_UNGUARDED_AVAILABILITY = YES_AGGRESSIVE;
				CLANG_WARN_UNREACHABLE_CODE = YES;
				CLANG_WARN__DUPLICATE_METHOD_MATCH = YES;
				CODE_SIGN_IDENTITY = "iPhone Developer";
				COPY_PHASE_STRIP = NO;
				DEBUG_INFORMATION_FORMAT = "dwarf-with-dsym";
				ENABLE_NS_ASSERTIONS = NO;
				ENABLE_STRICT_OBJC_MSGSEND = YES;
				GCC_C_LANGUAGE_STANDARD = gnu11;
				GCC_NO_COMMON_BLOCKS = YES;
				GCC_WARN_64_TO_32_BIT_CONVERSION = YES;
				GCC_WARN_ABOUT_RETURN_TYPE = YES_ERROR;
				GCC_WARN_UNDECLARED_SELECTOR = YES;
				GCC_WARN_UNINITIALIZED_AUTOS = YES_AGGRESSIVE;
				GCC_WARN_UNUSED_FUNCTION = YES;
				GCC_WARN_UNUSED_VARIABLE = YES;
				IPHONEOS_DEPLOYMENT_TARGET = 12.1;
				MTL_ENABLE_DEBUG_INFO = NO;
				MTL_FAST_MATH = YES;
				SDKROOT = iphoneos;
				SWIFT_COMPILATION_MODE = wholemodule;
				SWIFT_OPTIMIZATION_LEVEL = "-O";
				VALIDATE_PRODUCT = YES;
			};
			name = Release;
		};
		60E8DC9F21BB1C8000C5C228 /* Debug */ = {
			isa = XCBuildConfiguration;
			buildSettings = {
				ASSETCATALOG_COMPILER_APPICON_NAME = AppIcon;
				CODE_SIGN_STYLE = Automatic;
				DEVELOPMENT_TEAM = XBBQSHU3QH;
				INFOPLIST_FILE = "$(SRCROOT)/RandomGeneratorApp/Support Files/Info.plist";
				LD_RUNPATH_SEARCH_PATHS = (
					"$(inherited)",
					"@executable_path/Frameworks",
				);
				PRODUCT_BUNDLE_IDENTIFIER = "KKV.-RandomGeneratorApp";
				PRODUCT_NAME = "$(TARGET_NAME)";
				SWIFT_VERSION = 4.2;
				TARGETED_DEVICE_FAMILY = "1,2";
			};
			name = Debug;
		};
		60E8DCA021BB1C8000C5C228 /* Release */ = {
			isa = XCBuildConfiguration;
			buildSettings = {
				ASSETCATALOG_COMPILER_APPICON_NAME = AppIcon;
				CODE_SIGN_STYLE = Automatic;
				DEVELOPMENT_TEAM = XBBQSHU3QH;
				INFOPLIST_FILE = "$(SRCROOT)/RandomGeneratorApp/Support Files/Info.plist";
				LD_RUNPATH_SEARCH_PATHS = (
					"$(inherited)",
					"@executable_path/Frameworks",
				);
				PRODUCT_BUNDLE_IDENTIFIER = "KKV.-RandomGeneratorApp";
				PRODUCT_NAME = "$(TARGET_NAME)";
				SWIFT_VERSION = 4.2;
				TARGETED_DEVICE_FAMILY = "1,2";
			};
			name = Release;
		};
/* End XCBuildConfiguration section */

/* Begin XCConfigurationList section */
		60E8DC8421BB1C7B00C5C228 /* Build configuration list for PBXProject "RandomGeneratorApp" */ = {
			isa = XCConfigurationList;
			buildConfigurations = (
				60E8DC9C21BB1C8000C5C228 /* Debug */,
				60E8DC9D21BB1C8000C5C228 /* Release */,
			);
			defaultConfigurationIsVisible = 0;
			defaultConfigurationName = Release;
		};
		60E8DC9E21BB1C8000C5C228 /* Build configuration list for PBXNativeTarget "RandomGeneratorApp" */ = {
			isa = XCConfigurationList;
			buildConfigurations = (
				60E8DC9F21BB1C8000C5C228 /* Debug */,
				60E8DCA021BB1C8000C5C228 /* Release */,
			);
			defaultConfigurationIsVisible = 0;
			defaultConfigurationName = Release;
		};
/* End XCConfigurationList section */

/* Begin XCVersionGroup section */
		60E8DC9321BB1C7B00C5C228 /* RandomGeneratorApp.xcdatamodeld */ = {
			isa = XCVersionGroup;
			children = (
				60E8DC9421BB1C7B00C5C228 /* CoreDataApp.xcdatamodel */,
			);
			currentVersion = 60E8DC9421BB1C7B00C5C228 /* CoreDataApp.xcdatamodel */;
			path = RandomGeneratorApp.xcdatamodeld;
			sourceTree = "<group>";
			versionGroupType = wrapper.xcdatamodel;
		};
/* End XCVersionGroup section */
	};
	rootObject = 60E8DC8121BB1C7B00C5C228 /* Project object */;
}
